
Microsoft Visual Studio Solution File, Format Version 12.00
# Visual Studio Version 17
VisualStudioVersion = 17.0.31912.275
MinimumVisualStudioVersion = 10.0.40219.1
Project("{FAE04EC0-301F-11D3-BF4B-00C04F79EFBC}") = "ReleaseNote.WebApp", "ReleaseNote.WebApp\ReleaseNote.WebApp.csproj", "{BEEA8ACD-9494-4486-947B-A194DAEDEFF1}"
EndProject
Global
	GlobalSection(SolutionConfigurationPlatforms) = preSolution
		Debug|Any CPU = Debug|Any CPU
		Release|Any CPU = Release|Any CPU
	EndGlobalSection
	GlobalSection(ProjectConfigurationPlatforms) = postSolution
		{BEEA8ACD-9494-4486-947B-A194DAEDEFF1}.Debug|Any CPU.ActiveCfg = Debug|Any CPU
		{BEEA8ACD-9494-4486-947B-A194DAEDEFF1}.Debug|Any CPU.Build.0 = Debug|Any CPU
		{BEEA8ACD-9494-4486-947B-A194DAEDEFF1}.Release|Any CPU.ActiveCfg = Release|Any CPU
		{BEEA8ACD-9494-4486-947B-A194DAEDEFF1}.Release|Any CPU.Build.0 = Release|Any CPU
	EndGlobalSection
	GlobalSection(SolutionProperties) = preSolution
		HideSolutionNode = FALSE
	EndGlobalSection
	GlobalSection(ExtensibilityGlobals) = postSolution
		SolutionGuid = {58C3D427-47A6-4E2F-8290-66C606CA510D}
	EndGlobalSection
EndGlobal
